
Microsoft Visual Studio Solution File, Format Version 12.00
# Visual Studio 2017
Project("{FAE04EC0-301F-11D3-BF4B-00C04F79EFBC}") = "PacManGame", "PacManGame.csproj", "{0B79E608-3834-17F5-9F2C-1C8225CDCE7D}"
EndProject
Global
	GlobalSection(SolutionConfigurationPlatforms) = preSolution
		Debug|Any CPU = Debug|Any CPU
		Release|Any CPU = Release|Any CPU
	EndGlobalSection
	GlobalSection(ProjectConfigurationPlatforms) = postSolution
		{0B79E608-3834-17F5-9F2C-1C8225CDCE7D}.Debug|Any CPU.ActiveCfg = Debug|Any CPU
		{0B79E608-3834-17F5-9F2C-1C8225CDCE7D}.Debug|Any CPU.Build.0 = Debug|Any CPU
		{0B79E608-3834-17F5-9F2C-1C8225CDCE7D}.Release|Any CPU.ActiveCfg = Release|Any CPU
		{0B79E608-3834-17F5-9F2C-1C8225CDCE7D}.Release|Any CPU.Build.0 = Release|Any CPU
	EndGlobalSection
	GlobalSection(SolutionProperties) = preSolution
		HideSolutionNode = FALSE
	EndGlobalSection
EndGlobal
